NeoBundleLock VimClojure 2a17c249571395a7f45523d38cac6a9326ecf8f1
NeoBundleLock jellybeans.vim e0b9ef9ff42b91133d7da5d36d2c264994cc3cdd
NeoBundleLock lightline.vim c205aad755d70a1442aea4bc9c2dfcbcacc9c7be
NeoBundleLock neobundle.vim 6bf4fa1cf3cebfed76f5e300949faef0b78fbfbc
NeoBundleLock neocomplcache 778181767467b8f8016828898779a646074d883a
NeoBundleLock neosnippet ce3c3d209c38a6d87bbf1408d293e179f95e7bb8
NeoBundleLock syntastic 23abc77a83a91c918e19e6967245561c6867bafd
NeoBundleLock unite-colorscheme 3aa33866a183f7659594a3f6b66b2334eaebc6a0
NeoBundleLock unite.vim b4368d92944fc986d3a1f0207cb10691a89a5da0
NeoBundleLock vim-slime b0d18f3c7394d2c04082668bde9542194f2b5adc
NeoBundleLock vim-textmanip 5382160a3a1831de711079ad62982eccb3f34016
NeoBundleLock vimfiler.vim 3d8005116768ec97d300309be3cb339580e7e14b
NeoBundleLock vimshell bdcd197b701734a743903c7547e9f56842701614
